
Microsoft Visual Studio Solution File, Format Version 12.00
# Visual Studio Version 17
VisualStudioVersion = 17.4.33205.214
MinimumVisualStudioVersion = 10.0.40219.1
Project("{9A19103F-16F7-4668-BE54-9A1E7A4F7556}") = "TpListContactBaseClass", "TpListContactBaseClass\TpListContactBaseClass.csproj", "{87247A30-46B4-4A88-9763-1DF14CF8969E}"
EndProject
Project("{9A19103F-16F7-4668-BE54-9A1E7A4F7556}") = "TpListContact", "TpListContactIHMWpf\TpListContact.csproj", "{9592AF7C-CA95-4A18-A3E1-EB4C5A8AB069}"
EndProject
Project("{2150E333-8FDC-42A3-9474-1A3956D46DE8}") = "Éléments de solution", "Éléments de solution", "{6B4546EC-8AF8-4478-BE1C-C4880CA3BB72}"
EndProject
Global
	GlobalSection(SolutionConfigurationPlatforms) = preSolution
		Debug|Any CPU = Debug|Any CPU
		Release|Any CPU = Release|Any CPU
	EndGlobalSection
	GlobalSection(ProjectConfigurationPlatforms) = postSolution
		{87247A30-46B4-4A88-9763-1DF14CF8969E}.Debug|Any CPU.ActiveCfg = Debug|Any CPU
		{87247A30-46B4-4A88-9763-1DF14CF8969E}.Debug|Any CPU.Build.0 = Debug|Any CPU
		{87247A30-46B4-4A88-9763-1DF14CF8969E}.Release|Any CPU.ActiveCfg = Release|Any CPU
		{87247A30-46B4-4A88-9763-1DF14CF8969E}.Release|Any CPU.Build.0 = Release|Any CPU
		{9592AF7C-CA95-4A18-A3E1-EB4C5A8AB069}.Debug|Any CPU.ActiveCfg = Debug|Any CPU
		{9592AF7C-CA95-4A18-A3E1-EB4C5A8AB069}.Debug|Any CPU.Build.0 = Debug|Any CPU
		{9592AF7C-CA95-4A18-A3E1-EB4C5A8AB069}.Release|Any CPU.ActiveCfg = Release|Any CPU
		{9592AF7C-CA95-4A18-A3E1-EB4C5A8AB069}.Release|Any CPU.Build.0 = Release|Any CPU
	EndGlobalSection
	GlobalSection(SolutionProperties) = preSolution
		HideSolutionNode = FALSE
	EndGlobalSection
	GlobalSection(ExtensibilityGlobals) = postSolution
		SolutionGuid = {03D16D90-7F8A-497D-9DE3-A9177F53E114}
	EndGlobalSection
EndGlobal
